{
  "nodes": {
    "elisp-helpers": {
      "inputs": {
        "fromElisp": "fromElisp"
      },
      "locked": {
        "lastModified": 1741687420,
        "narHash": "sha256-tWPUfH3hCpB6g7a+0AK3lLYnhKgCxry5+pxNKZ2rQoY=",
        "owner": "emacs-twist",
        "repo": "elisp-helpers",
        "rev": "dd91691d642188f857e3fc3fec3e16719810e6d2",
        "type": "github"
      },
      "original": {
        "owner": "emacs-twist",
        "repo": "elisp-helpers",
        "type": "github"
      }
    },
    "emacs": {
      "flake": false,
      "locked": {
        "lastModified": 1741724811,
        "narHash": "sha256-cB3p8eeEvQofOPxxcDLEnmUycRhCAWvUEnyIBkNeVIU=",
        "owner": "emacs-mirror",
        "repo": "emacs",
        "rev": "ceee1a0ae7a804fbd5307f99db4f81f3d427e40e",
        "type": "github"
      },
      "original": {
        "owner": "emacs-mirror",
        "repo": "emacs",
        "type": "github"
      }
    },
    "emacs-lsp-booster": {
      "inputs": {
        "nixpkgs": [
          "nixpkgs"
        ]
      },
      "locked": {
        "lastModified": 1740725613,
        "narHash": "sha256-j6HoX1k4+alRX35/Z/K+kfqfWytNLcO+eBOnyoh42iw=",
        "owner": "slotThe",
        "repo": "emacs-lsp-booster-flake",
        "rev": "007bdf3f48a28f611fdfe0b480534cc110637043",
        "type": "github"
      },
      "original": {
        "owner": "slotThe",
        "repo": "emacs-lsp-booster-flake",
        "type": "github"
      }
    },
    "emacs-overlay": {
      "inputs": {
        "nixpkgs": [
          "nixpkgs"
        ],
        "nixpkgs-stable": "nixpkgs-stable"
      },
      "locked": {
        "lastModified": 1741710368,
        "narHash": "sha256-P9Qt8QQC6cFssiIvNEmj8BabRZS7EWMqCrA3oNj70x4=",
        "owner": "nix-community",
        "repo": "emacs-overlay",
        "rev": "2695d53827b4200a195f932a5beb47fe5f9e3213",
        "type": "github"
      },
      "original": {
        "owner": "nix-community",
        "repo": "emacs-overlay",
        "type": "github"
      }
    },
    "ez-configs": {
      "inputs": {
        "flake-parts": [
          "flake-parts"
        ],
        "nixpkgs": [
          "nixpkgs"
        ]
      },
      "locked": {
        "lastModified": 1737976685,
        "narHash": "sha256-YGDoq5mHjaUiv79oICntM3nybdzvvBRZGe5cZ6kY73w=",
        "owner": "ehllie",
        "repo": "ez-configs",
        "rev": "84cce474cc25b451e77fc05a1a3d32c47706ea3a",
        "type": "github"
      },
      "original": {
        "owner": "ehllie",
        "repo": "ez-configs",
        "type": "github"
      }
    },
    "flake-parts": {
      "inputs": {
        "nixpkgs-lib": [
          "nixpkgs"
        ]
      },
      "locked": {
        "lastModified": 1741352980,
        "narHash": "sha256-+u2UunDA4Cl5Fci3m7S643HzKmIDAe+fiXrLqYsR2fs=",
        "owner": "hercules-ci",
        "repo": "flake-parts",
        "rev": "f4330d22f1c5d2ba72d3d22df5597d123fdb60a9",
        "type": "github"
      },
      "original": {
        "owner": "hercules-ci",
        "repo": "flake-parts",
        "type": "github"
      }
    },
    "fromElisp": {
      "flake": false,
      "locked": {
        "lastModified": 1723987997,
        "narHash": "sha256-OhaVgTG6zjLByzl+uPTvtCld3p2uqgbCXmOl/s3LVRo=",
        "owner": "talyz",
        "repo": "fromElisp",
        "rev": "f071a0e262c02c0895b575c4e322b7fd90713543",
        "type": "github"
      },
      "original": {
        "owner": "talyz",
        "repo": "fromElisp",
        "type": "github"
      }
    },
    "gnu-elpa": {
      "flake": false,
      "locked": {
        "lastModified": 1741625515,
        "narHash": "sha256-dg01dZon35eHkWkHcn921I4PrSoGXftuAFud1VaBE1k=",
        "owner": "elpa-mirrors",
        "repo": "elpa",
        "rev": "96c93502f9664baf71caefec9dde8898d5b1c9f6",
        "type": "github"
      },
      "original": {
        "owner": "elpa-mirrors",
        "repo": "elpa",
        "type": "github"
      }
    },
    "home-manager": {
      "inputs": {
        "nixpkgs": [
          "nixpkgs"
        ]
      },
      "locked": {
        "lastModified": 1741701235,
        "narHash": "sha256-gBlb8R9gnjUAT5XabJeel3C2iEUiBHx3+91651y3Sqo=",
        "owner": "nix-community",
        "repo": "home-manager",
        "rev": "c630dfa8abcc65984cc1e47fb25d4552c81dd37e",
        "type": "github"
      },
      "original": {
        "owner": "nix-community",
        "repo": "home-manager",
        "type": "github"
      }
    },
    "melpa": {
      "flake": false,
      "locked": {
        "lastModified": 1741617503,
        "narHash": "sha256-JqAejtIS084yF9TMk4iNjp0xdW3ma8c9acHn2rw16MQ=",
        "owner": "melpa",
        "repo": "melpa",
        "rev": "79be53f8b0239f855ee777e02abf54a5fd16fd6e",
        "type": "github"
      },
      "original": {
        "owner": "melpa",
        "repo": "melpa",
        "type": "github"
      }
    },
    "nixpkgs": {
      "locked": {
        "lastModified": 1741600792,
        "narHash": "sha256-yfDy6chHcM7pXpMF4wycuuV+ILSTG486Z/vLx/Bdi6Y=",
        "owner": "nixos",
        "repo": "nixpkgs",
        "rev": "ebe2788eafd539477f83775ef93c3c7e244421d3",
        "type": "github"
      },
      "original": {
        "owner": "nixos",
        "ref": "nixos-24.11",
        "repo": "nixpkgs",
        "type": "github"
      }
    },
    "nixpkgs-stable": {
      "locked": {
        "lastModified": 1741600792,
        "narHash": "sha256-yfDy6chHcM7pXpMF4wycuuV+ILSTG486Z/vLx/Bdi6Y=",
        "owner": "NixOS",
        "repo": "nixpkgs",
        "rev": "ebe2788eafd539477f83775ef93c3c7e244421d3",
        "type": "github"
      },
      "original": {
        "owner": "NixOS",
        "ref": "nixos-24.11",
        "repo": "nixpkgs",
        "type": "github"
      }
    },
    "nongnu-elpa": {
      "flake": false,
      "locked": {
        "lastModified": 1740073382,
        "narHash": "sha256-rM00DMOPbY+LwRPGI7yTx1jBoOGx93ZiKbTHlXSm8ek=",
        "owner": "elpa-mirrors",
        "repo": "nongnu",
        "rev": "e867bf7d9c559ce636516507a04dee244e9e100d",
        "type": "github"
      },
      "original": {
        "owner": "elpa-mirrors",
        "repo": "nongnu",
        "type": "github"
      }
    },
    "org-babel": {
      "locked": {
        "lastModified": 1731256202,
        "narHash": "sha256-xtV0vIUhl3ZUzaUIHSaiWpybxyCgQ9Yp/MUGo3f5zvM=",
        "owner": "emacs-twist",
        "repo": "org-babel",
        "rev": "a5d16c54aca35c07af59d216cda598163512db42",
        "type": "github"
      },
      "original": {
        "owner": "emacs-twist",
        "repo": "org-babel",
        "type": "github"
      }
    },
    "root": {
      "inputs": {
        "emacs": "emacs",
        "emacs-lsp-booster": "emacs-lsp-booster",
        "emacs-overlay": "emacs-overlay",
        "ez-configs": "ez-configs",
        "flake-parts": "flake-parts",
        "home-manager": "home-manager",
        "nixpkgs": "nixpkgs",
        "org-babel": "org-babel",
        "systems": "systems",
        "twist": "twist",
        "twist-overrides": "twist-overrides",
        "twist-registries": "twist-registries"
      }
    },
    "systems": {
      "locked": {
        "lastModified": 1681028828,
        "narHash": "sha256-Vy1rq5AaRuLzOxct8nz4T6wlgyUR7zLU309k9mBC768=",
        "owner": "nix-systems",
        "repo": "default",
        "rev": "da67096a3b9bf56a91d16901293e51ba5b49a27e",
        "type": "github"
      },
      "original": {
        "owner": "nix-systems",
        "repo": "default",
        "type": "github"
      }
    },
    "twist": {
      "inputs": {
        "elisp-helpers": "elisp-helpers"
      },
      "locked": {
        "lastModified": 1741687500,
        "narHash": "sha256-3XFSz42KAz53k9dzY5C2QbL5R4uiPwwqZ86RPiOYcNg=",
        "owner": "emacs-twist",
        "repo": "twist.nix",
        "rev": "cb0299ed2d7936357288b77d1f22ddbd9e35808d",
        "type": "github"
      },
      "original": {
        "owner": "emacs-twist",
        "repo": "twist.nix",
        "type": "github"
      }
    },
    "twist-overrides": {
      "locked": {
        "lastModified": 1722071850,
        "narHash": "sha256-lyVZGFJo9mgKUGWtMGqGq6T3wQnzQwemNryM2USEKMc=",
        "owner": "emacs-twist",
        "repo": "overrides",
        "rev": "9dcd55a44ed7bf2324a1d2dc4579d5389ecac6b0",
        "type": "github"
      },
      "original": {
        "owner": "emacs-twist",
        "repo": "overrides",
        "type": "github"
      }
    },
    "twist-registries": {
      "inputs": {
        "gnu-elpa": "gnu-elpa",
        "melpa": "melpa",
        "nongnu-elpa": "nongnu-elpa"
      },
      "locked": {
        "lastModified": 1740993700,
        "narHash": "sha256-HYLXVuUTvPtLFyRrnpXZmkvF0ey2nRgqmLaupxpwWxM=",
        "owner": "emacs-twist",
        "repo": "registries",
        "rev": "4a1546970f54a14dc88c92a9273bbbaad57c10f2",
        "type": "github"
      },
      "original": {
        "owner": "emacs-twist",
        "repo": "registries",
        "type": "github"
      }
    }
  },
  "root": "root",
  "version": 7
}
